
Microsoft Visual Studio Solution File, Format Version 12.00
# Visual Studio Version 16
VisualStudioVersion = 16.0.809.7
MinimumVisualStudioVersion = 10.0.40219.1
Project("{FAE04EC0-301F-11D3-BF4B-00C04F79EFBC}") = "AccTransaction", "AccTransaction\AccTransaction.csproj", "{F1813148-D03F-433E-A1FA-3359C418543B}"
EndProject
Global
	GlobalSection(SolutionConfigurationPlatforms) = preSolution
		Debug|Any CPU = Debug|Any CPU
		Release|Any CPU = Release|Any CPU
	EndGlobalSection
	GlobalSection(ProjectConfigurationPlatforms) = postSolution
		{F1813148-D03F-433E-A1FA-3359C418543B}.Debug|Any CPU.ActiveCfg = Debug|Any CPU
		{F1813148-D03F-433E-A1FA-3359C418543B}.Debug|Any CPU.Build.0 = Debug|Any CPU
		{F1813148-D03F-433E-A1FA-3359C418543B}.Release|Any CPU.ActiveCfg = Release|Any CPU
		{F1813148-D03F-433E-A1FA-3359C418543B}.Release|Any CPU.Build.0 = Release|Any CPU
	EndGlobalSection
	GlobalSection(SolutionProperties) = preSolution
		HideSolutionNode = FALSE
	EndGlobalSection
	GlobalSection(ExtensibilityGlobals) = postSolution
		SolutionGuid = {0EE0D09A-02EC-4B5C-AA43-7B839EE6FC7D}
	EndGlobalSection
EndGlobal
