
Microsoft Visual Studio Solution File, Format Version 12.00
# Visual Studio Version 16
VisualStudioVersion = 16.0.809.7
MinimumVisualStudioVersion = 10.0.40219.1
Project("{FAE04EC0-301F-11D3-BF4B-00C04F79EFBC}") = "Interface", "Interface\Interface.csproj", "{AE7DABE0-85AE-45D5-8953-5F0161D246D6}"
EndProject
Global
	GlobalSection(SolutionConfigurationPlatforms) = preSolution
		Debug|Any CPU = Debug|Any CPU
		Release|Any CPU = Release|Any CPU
	EndGlobalSection
	GlobalSection(ProjectConfigurationPlatforms) = postSolution
		{AE7DABE0-85AE-45D5-8953-5F0161D246D6}.Debug|Any CPU.ActiveCfg = Debug|Any CPU
		{AE7DABE0-85AE-45D5-8953-5F0161D246D6}.Debug|Any CPU.Build.0 = Debug|Any CPU
		{AE7DABE0-85AE-45D5-8953-5F0161D246D6}.Release|Any CPU.ActiveCfg = Release|Any CPU
		{AE7DABE0-85AE-45D5-8953-5F0161D246D6}.Release|Any CPU.Build.0 = Release|Any CPU
	EndGlobalSection
	GlobalSection(SolutionProperties) = preSolution
		HideSolutionNode = FALSE
	EndGlobalSection
	GlobalSection(ExtensibilityGlobals) = postSolution
		SolutionGuid = {ECB8DDD5-DAEC-4BFD-BECC-E4735A22B5F2}
	EndGlobalSection
EndGlobal
