
Microsoft Visual Studio Solution File, Format Version 12.00
# Visual Studio Version 16
VisualStudioVersion = 16.0.809.7
MinimumVisualStudioVersion = 10.0.40219.1
Project("{FAE04EC0-301F-11D3-BF4B-00C04F79EFBC}") = "Interface2", "Interface2\Interface2.csproj", "{12FEB78C-877E-489D-9325-076647B1134E}"
EndProject
Global
	GlobalSection(SolutionConfigurationPlatforms) = preSolution
		Debug|Any CPU = Debug|Any CPU
		Release|Any CPU = Release|Any CPU
	EndGlobalSection
	GlobalSection(ProjectConfigurationPlatforms) = postSolution
		{12FEB78C-877E-489D-9325-076647B1134E}.Debug|Any CPU.ActiveCfg = Debug|Any CPU
		{12FEB78C-877E-489D-9325-076647B1134E}.Debug|Any CPU.Build.0 = Debug|Any CPU
		{12FEB78C-877E-489D-9325-076647B1134E}.Release|Any CPU.ActiveCfg = Release|Any CPU
		{12FEB78C-877E-489D-9325-076647B1134E}.Release|Any CPU.Build.0 = Release|Any CPU
	EndGlobalSection
	GlobalSection(SolutionProperties) = preSolution
		HideSolutionNode = FALSE
	EndGlobalSection
	GlobalSection(ExtensibilityGlobals) = postSolution
		SolutionGuid = {E073824F-8949-4199-A95C-DD00CBD8B91C}
	EndGlobalSection
EndGlobal
